
Microsoft Visual Studio Solution File, Format Version 12.00
# Visual Studio Version 17
VisualStudioVersion = 17.5.002.0
MinimumVisualStudioVersion = 10.0.40219.1
Project("{9A19103F-16F7-4668-BE54-9A1E7A4F7556}") = "livraria", "livraria.csproj", "{695B153B-977B-4A7A-9002-33F797E7401A}"
EndProject
Global
	GlobalSection(SolutionConfigurationPlatforms) = preSolution
		Debug|Any CPU = Debug|Any CPU
		Release|Any CPU = Release|Any CPU
	EndGlobalSection
	GlobalSection(ProjectConfigurationPlatforms) = postSolution
		{695B153B-977B-4A7A-9002-33F797E7401A}.Debug|Any CPU.ActiveCfg = Debug|Any CPU
		{695B153B-977B-4A7A-9002-33F797E7401A}.Debug|Any CPU.Build.0 = Debug|Any CPU
		{695B153B-977B-4A7A-9002-33F797E7401A}.Release|Any CPU.ActiveCfg = Release|Any CPU
		{695B153B-977B-4A7A-9002-33F797E7401A}.Release|Any CPU.Build.0 = Release|Any CPU
	EndGlobalSection
	GlobalSection(SolutionProperties) = preSolution
		HideSolutionNode = FALSE
	EndGlobalSection
	GlobalSection(ExtensibilityGlobals) = postSolution
		SolutionGuid = {FF9407DC-177C-4200-880D-4610E5F9F0CB}
	EndGlobalSection
EndGlobal
